
Microsoft Visual Studio Solution File, Format Version 12.00
# Visual Studio Version 17
VisualStudioVersion = 17.8.34511.84
MinimumVisualStudioVersion = 10.0.40219.1
Project("{FAE04EC0-301F-11D3-BF4B-00C04F79EFBC}") = "p2pClipboard-Windows", "p2pClipboard-Windows\p2pClipboard-Windows.csproj", "{2D5033B3-2644-4B29-8D64-B331859CD051}"
EndProject
Global
	GlobalSection(SolutionConfigurationPlatforms) = preSolution
		Debug|Any CPU = Debug|Any CPU
		Release|Any CPU = Release|Any CPU
	EndGlobalSection
	GlobalSection(ProjectConfigurationPlatforms) = postSolution
		{2D5033B3-2644-4B29-8D64-B331859CD051}.Debug|Any CPU.ActiveCfg = Debug|Any CPU
		{2D5033B3-2644-4B29-8D64-B331859CD051}.Debug|Any CPU.Build.0 = Debug|Any CPU
		{2D5033B3-2644-4B29-8D64-B331859CD051}.Release|Any CPU.ActiveCfg = Release|Any CPU
		{2D5033B3-2644-4B29-8D64-B331859CD051}.Release|Any CPU.Build.0 = Release|Any CPU
	EndGlobalSection
	GlobalSection(SolutionProperties) = preSolution
		HideSolutionNode = FALSE
	EndGlobalSection
	GlobalSection(ExtensibilityGlobals) = postSolution
		SolutionGuid = {5E3406D4-B5B2-4DE9-BF36-C666861EBC62}
	EndGlobalSection
EndGlobal
